
Microsoft Visual Studio Solution File, Format Version 12.00
# Visual Studio Version 16
VisualStudioVersion = 16.0.30621.155
MinimumVisualStudioVersion = 10.0.40219.1
Project("{FAE04EC0-301F-11D3-BF4B-00C04F79EFBC}") = "daveswebapp", "daveswebapp\daveswebapp.csproj", "{E5D023D8-4CAE-456C-B134-3183162781C2}"
EndProject
Global
	GlobalSection(SolutionConfigurationPlatforms) = preSolution
		Debug|Any CPU = Debug|Any CPU
		Release|Any CPU = Release|Any CPU
	EndGlobalSection
	GlobalSection(ProjectConfigurationPlatforms) = postSolution
		{E5D023D8-4CAE-456C-B134-3183162781C2}.Debug|Any CPU.ActiveCfg = Debug|Any CPU
		{E5D023D8-4CAE-456C-B134-3183162781C2}.Debug|Any CPU.Build.0 = Debug|Any CPU
		{E5D023D8-4CAE-456C-B134-3183162781C2}.Release|Any CPU.ActiveCfg = Release|Any CPU
		{E5D023D8-4CAE-456C-B134-3183162781C2}.Release|Any CPU.Build.0 = Release|Any CPU
	EndGlobalSection
	GlobalSection(SolutionProperties) = preSolution
		HideSolutionNode = FALSE
	EndGlobalSection
	GlobalSection(ExtensibilityGlobals) = postSolution
		SolutionGuid = {34C97DC8-E303-4993-95FA-90B622DDBBB0}
	EndGlobalSection
EndGlobal
